
Microsoft Visual Studio Solution File, Format Version 12.00
# Visual Studio Version 17
VisualStudioVersion = 17.0.31612.314
MinimumVisualStudioVersion = 10.0.40219.1
Project("{9A19103F-16F7-4668-BE54-9A1E7A4F7556}") = "SignumExplorer", "SignumExplorer\SignumExplorer.csproj", "{7CAA6065-EF56-4976-902E-8BCFDA9DBA20}"
EndProject
Global
	GlobalSection(SolutionConfigurationPlatforms) = preSolution
		Debug|Any CPU = Debug|Any CPU
		Release|Any CPU = Release|Any CPU
	EndGlobalSection
	GlobalSection(ProjectConfigurationPlatforms) = postSolution
		{7CAA6065-EF56-4976-902E-8BCFDA9DBA20}.Debug|Any CPU.ActiveCfg = Debug|Any CPU
		{7CAA6065-EF56-4976-902E-8BCFDA9DBA20}.Debug|Any CPU.Build.0 = Debug|Any CPU
		{7CAA6065-EF56-4976-902E-8BCFDA9DBA20}.Release|Any CPU.ActiveCfg = Release|Any CPU
		{7CAA6065-EF56-4976-902E-8BCFDA9DBA20}.Release|Any CPU.Build.0 = Release|Any CPU
	EndGlobalSection
	GlobalSection(SolutionProperties) = preSolution
		HideSolutionNode = FALSE
	EndGlobalSection
	GlobalSection(ExtensibilityGlobals) = postSolution
		SolutionGuid = {FEB0FB13-A7FA-4477-BDBD-2B1206969DFB}
	EndGlobalSection
EndGlobal
